
Microsoft Visual Studio Solution File, Format Version 11.00
# Visual Studio 2010
Project("{FAE04EC0-301F-11D3-BF4B-00C04F79EFBC}") = "AugmentedReality Demo", "Assembly-CSharp.csproj", "{02788041-D32D-4FF6-16B3-E88DC7562C5B}"
EndProject
Project("{FAE04EC0-301F-11D3-BF4B-00C04F79EFBC}") = "AugmentedReality Demo", "Assembly-CSharp-firstpass.csproj", "{69B3F4B7-1484-413B-5C50-D029AB50C372}"
EndProject
Project("{FAE04EC0-301F-11D3-BF4B-00C04F79EFBC}") = "AugmentedReality Demo", "Assembly-CSharp-Editor.csproj", "{03EEED26-A6D5-27B4-07C0-7DF2BBF27F62}"
EndProject
Project("{FAE04EC0-301F-11D3-BF4B-00C04F79EFBC}") = "AugmentedReality Demo", "Assembly-CSharp-Editor-firstpass.csproj", "{A7577B3C-B990-A6CD-2EDA-3FFC278DC438}"
EndProject
Global
	GlobalSection(SolutionConfigurationPlatforms) = preSolution
		Debug|Any CPU = Debug|Any CPU
		Release|Any CPU = Release|Any CPU
	EndGlobalSection
	GlobalSection(ProjectConfigurationPlatforms) = postSolution
		{02788041-D32D-4FF6-16B3-E88DC7562C5B}.Debug|Any CPU.ActiveCfg = Debug|Any CPU
		{02788041-D32D-4FF6-16B3-E88DC7562C5B}.Debug|Any CPU.Build.0 = Debug|Any CPU
		{02788041-D32D-4FF6-16B3-E88DC7562C5B}.Release|Any CPU.ActiveCfg = Release|Any CPU
		{02788041-D32D-4FF6-16B3-E88DC7562C5B}.Release|Any CPU.Build.0 = Release|Any CPU
		{69B3F4B7-1484-413B-5C50-D029AB50C372}.Debug|Any CPU.ActiveCfg = Debug|Any CPU
		{69B3F4B7-1484-413B-5C50-D029AB50C372}.Debug|Any CPU.Build.0 = Debug|Any CPU
		{69B3F4B7-1484-413B-5C50-D029AB50C372}.Release|Any CPU.ActiveCfg = Release|Any CPU
		{69B3F4B7-1484-413B-5C50-D029AB50C372}.Release|Any CPU.Build.0 = Release|Any CPU
		{03EEED26-A6D5-27B4-07C0-7DF2BBF27F62}.Debug|Any CPU.ActiveCfg = Debug|Any CPU
		{03EEED26-A6D5-27B4-07C0-7DF2BBF27F62}.Debug|Any CPU.Build.0 = Debug|Any CPU
		{03EEED26-A6D5-27B4-07C0-7DF2BBF27F62}.Release|Any CPU.ActiveCfg = Release|Any CPU
		{03EEED26-A6D5-27B4-07C0-7DF2BBF27F62}.Release|Any CPU.Build.0 = Release|Any CPU
		{A7577B3C-B990-A6CD-2EDA-3FFC278DC438}.Debug|Any CPU.ActiveCfg = Debug|Any CPU
		{A7577B3C-B990-A6CD-2EDA-3FFC278DC438}.Debug|Any CPU.Build.0 = Debug|Any CPU
		{A7577B3C-B990-A6CD-2EDA-3FFC278DC438}.Release|Any CPU.ActiveCfg = Release|Any CPU
		{A7577B3C-B990-A6CD-2EDA-3FFC278DC438}.Release|Any CPU.Build.0 = Release|Any CPU
	EndGlobalSection
	GlobalSection(SolutionProperties) = preSolution
		HideSolutionNode = FALSE
	EndGlobalSection
	GlobalSection(MonoDevelopProperties) = preSolution
		StartupItem = Assembly-CSharp.csproj
	EndGlobalSection
EndGlobal
